Microsoft Visual Studio Solution File, Format Version 12.00
# Visual Studio Version 17
VisualStudioVersion = 17.5.2.0
MinimumVisualStudioVersion = 10.0.40219.1
Project("{2150E333-8FDC-42A3-9474-1A3956D46DE8}") = "src", "src", "{827E0CD3-B72D-47B6-A68D-7590B98EB39B}"
EndProject
Project("{2150E333-8FDC-42A3-9474-1A3956D46DE8}") = "API1 2023 Broken Object Level Authorization", "API1 2023 Broken Object Level Authorization", "{8EC82899-D4F4-A3D9-EDF1-BE72C7EAF9FF}"
EndProject
Project("{FAE04EC0-301F-11D3-BF4B-00C04F79EFBC}") = "Api", "src\API1 2023 Broken Object Level Authorization\Api\Api.csproj", "{E9EF7A37-56E8-E32F-2AAC-11223D386E16}"
EndProject
Project("{FAE04EC0-301F-11D3-BF4B-00C04F79EFBC}") = "Client", "src\API1 2023 Broken Object Level Authorization\Client\Client.csproj", "{0C7EF9CA-4298-A3EF-6153-9A883BBA4B9F}"
EndProject
Global
	GlobalSection(SolutionConfigurationPlatforms) = preSolution
		Debug|Any CPU = Debug|Any CPU
		Release|Any CPU = Release|Any CPU
	EndGlobalSection
	GlobalSection(ProjectConfigurationPlatforms) = postSolution
		{E9EF7A37-56E8-E32F-2AAC-11223D386E16}.Debug|Any CPU.ActiveCfg = Debug|Any CPU
		{E9EF7A37-56E8-E32F-2AAC-11223D386E16}.Debug|Any CPU.Build.0 = Debug|Any CPU
		{E9EF7A37-56E8-E32F-2AAC-11223D386E16}.Release|Any CPU.ActiveCfg = Release|Any CPU
		{E9EF7A37-56E8-E32F-2AAC-11223D386E16}.Release|Any CPU.Build.0 = Release|Any CPU
		{0C7EF9CA-4298-A3EF-6153-9A883BBA4B9F}.Debug|Any CPU.ActiveCfg = Debug|Any CPU
		{0C7EF9CA-4298-A3EF-6153-9A883BBA4B9F}.Debug|Any CPU.Build.0 = Debug|Any CPU
		{0C7EF9CA-4298-A3EF-6153-9A883BBA4B9F}.Release|Any CPU.ActiveCfg = Release|Any CPU
		{0C7EF9CA-4298-A3EF-6153-9A883BBA4B9F}.Release|Any CPU.Build.0 = Release|Any CPU
	EndGlobalSection
	GlobalSection(SolutionProperties) = preSolution
		HideSolutionNode = FALSE
	EndGlobalSection
	GlobalSection(NestedProjects) = preSolution
		{8EC82899-D4F4-A3D9-EDF1-BE72C7EAF9FF} = {827E0CD3-B72D-47B6-A68D-7590B98EB39B}
		{E9EF7A37-56E8-E32F-2AAC-11223D386E16} = {8EC82899-D4F4-A3D9-EDF1-BE72C7EAF9FF}
		{0C7EF9CA-4298-A3EF-6153-9A883BBA4B9F} = {8EC82899-D4F4-A3D9-EDF1-BE72C7EAF9FF}
	EndGlobalSection
	GlobalSection(ExtensibilityGlobals) = postSolution
		SolutionGuid = {9141C782-4EFC-4F77-99C7-55D070223D47}
	EndGlobalSection
EndGlobal
